// !$*UTF8*$!
{
	archiveVersion = 1;
	classes = {
	};
	objectVersion = 46;
	objects = {

/* Begin PBXBuildFile section */
		B8185B2A1DEC5C09000AB72E /* main.m in Sources */ = {isa = PBXBuildFile; fileRef = B8185B291DEC5C09000AB72E /* main.m */; };
		B8185B2D1DEC5C09000AB72E /* AppDelegate.m in Sources */ = {isa = PBXBuildFile; fileRef = B8185B2C1DEC5C09000AB72E /* AppDelegate.m */; };
		B8185B301DEC5C09000AB72E /* ViewController.m in Sources */ = {isa = PBXBuildFile; fileRef = B8185B2F1DEC5C09000AB72E /* ViewController.m */; };
		B8185B331DEC5C09000AB72E /* Main.storyboard in Resources */ = {isa = PBXBuildFile; fileRef = B8185B311DEC5C09000AB72E /* Main.storyboard */; };
		B8185B361DEC5C09000AB72E /* ijk.xcdatamodeld in Sources */ = {isa = PBXBuildFile; fileRef = B8185B341DEC5C09000AB72E /* ijk.xcdatamodeld */; };
		B8185B381DEC5C09000AB72E /* Assets.xcassets in Resources */ = {isa = PBXBuildFile; fileRef = B8185B371DEC5C09000AB72E /* Assets.xcassets */; };
		B8185B3B1DEC5C09000AB72E /* LaunchScreen.storyboard in Resources */ = {isa = PBXBuildFile; fileRef = B8185B391DEC5C09000AB72E /* LaunchScreen.storyboard */; };
/* End PBXBuildFile section */

/* Begin PBXFileReference section */
		B8185B251DEC5C09000AB72E /* ijk.app */ = {isa = PBXFileReference; explicitFileType = wrapper.application; includeInIndex = 0; path = ijk.app; sourceTree = BUILT_PRODUCTS_DIR; };
		B8185B291DEC5C09000AB72E /* main.m */ = {isa = PBXFileReference; lastKnownFileType = sourcecode.c.objc; path = main.m; sourceTree = "<group>"; };
		B8185B2B1DEC5C09000AB72E /* AppDelegate.h */ = {isa = PBXFileReference; lastKnownFileType = sourcecode.c.h; path = AppDelegate.h; sourceTree = "<group>"; };
		B8185B2C1DEC5C09000AB72E /* AppDelegate.m */ = {isa = PBXFileReference; lastKnownFileType = sourcecode.c.objc; path = AppDelegate.m; sourceTree = "<group>"; };
		B8185B2E1DEC5C09000AB72E /* ViewController.h */ = {isa = PBXFileReference; lastKnownFileType = sourcecode.c.h; path = ViewController.h; sourceTree = "<group>"; };
		B8185B2F1DEC5C09000AB72E /* ViewController.m */ = {isa = PBXFileReference; lastKnownFileType = sourcecode.c.objc; path = ViewController.m; sourceTree = "<group>"; };
		B8185B321DEC5C09000AB72E /* Base */ = {isa = PBXFileReference; lastKnownFileType = file.storyboard; name = Base; path = Base.lproj/Main.storyboard; sourceTree = "<group>"; };
		B8185B351DEC5C09000AB72E /* ijk.xcdatamodel */ = {isa = PBXFileReference; lastKnownFileType = wrapper.xcdatamodel; path = ijk.xcdatamodel; sourceTree = "<group>"; };
		B8185B371DEC5C09000AB72E /* Assets.xcassets */ = {isa = PBXFileReference; lastKnownFileType = folder.assetcatalog; path = Assets.xcassets; sourceTree = "<group>"; };
		B8185B3A1DEC5C09000AB72E /* Base */ = {isa = PBXFileReference; lastKnownFileType = file.storyboard; name = Base; path = Base.lproj/LaunchScreen.storyboard; sourceTree = "<group>"; };
		B8185B3C1DEC5C09000AB72E /* Info.plist */ = {isa = PBXFileReference; lastKnownFileType = text.plist.xml; path = Info.plist; sourceTree = "<group>"; };
/* End PBXFileReference section */

/* Begin PBXFrameworksBuildPhase section */
		B8185B221DEC5C09000AB72E /* Frameworks */ = {
			isa = PBXFrameworksBuildPhase;
			buildActionMask = 2147483647;
			files = (
			);
			runOnlyForDeploymentPostprocessing = 0;
		};
/* End PBXFrameworksBuildPhase section */

/* Begin PBXGroup section */
		B8185B1C1DEC5C09000AB72E = {
			isa = PBXGroup;
			children = (
				B8185B271DEC5C09000AB72E /* ijk */,
				B8185B261DEC5C09000AB72E /* Products */,
			);
			sourceTree = "<group>";
		};
		B8185B261DEC5C09000AB72E /* Products */ = {
			isa = PBXGroup;
			children = (
				B8185B251DEC5C09000AB72E /* ijk.app */,
			);
			name = Products;
			sourceTree = "<group>";
		};
		B8185B271DEC5C09000AB72E /* ijk */ = {
			isa = PBXGroup;
			children = (
				B8185B2B1DEC5C09000AB72E /* AppDelegate.h */,
				B8185B2C1DEC5C09000AB72E /* AppDelegate.m */,
				B8185B2E1DEC5C09000AB72E /* ViewController.h */,
				B8185B2F1DEC5C09000AB72E /* ViewController.m */,
				B8185B311DEC5C09000AB72E /* Main.storyboard */,
				B8185B371DEC5C09000AB72E /* Assets.xcassets */,
				B8185B391DEC5C09000AB72E /* LaunchScreen.storyboard */,
				B8185B3C1DEC5C09000AB72E /* Info.plist */,
				B8185B341DEC5C09000AB72E /* ijk.xcdatamodeld */,
				B8185B281DEC5C09000AB72E /* Supporting Files */,
			);
			path = ijk;
			sourceTree = "<group>";
		};
		B8185B281DEC5C09000AB72E /* Supporting Files */ = {
			isa = PBXGroup;
			children = (
				B8185B291DEC5C09000AB72E /* main.m */,
			);
			name = "Supporting Files";
			sourceTree = "<group>";
		};
/* End PBXGroup section */

/* Begin PBXNativeTarget section */
		B8185B241DEC5C09000AB72E /* ijk */ = {
			isa = PBXNativeTarget;
			buildConfigurationList = B8185B3F1DEC5C09000AB72E /* Build configuration list for PBXNativeTarget "ijk" */;
			buildPhases = (
				B8185B211DEC5C09000AB72E /* Sources */,
				B8185B221DEC5C09000AB72E /* Frameworks */,
				B8185B231DEC5C09000AB72E /* Resources */,
			);
			buildRules = (
			);
			dependencies = (
			);
			name = ijk;
			productName = ijk;
			productReference = B8185B251DEC5C09000AB72E /* ijk.app */;
			productType = "com.apple.product-type.application";
		};
/* End PBXNativeTarget section */

/* Begin PBXProject section */
		B8185B1D1DEC5C09000AB72E /* Project object */ = {
			isa = PBXProject;
			attributes = {
				LastUpgradeCheck = 0730;
				ORGANIZATIONNAME = henvy;
				TargetAttributes = {
					B8185B241DEC5C09000AB72E = {
						CreatedOnToolsVersion = 7.3.1;
					};
				};
			};
			buildConfigurationList = B8185B201DEC5C09000AB72E /* Build configuration list for PBXProject "ijk" */;
			compatibilityVersion = "Xcode 3.2";
			developmentRegion = English;
			hasScannedForEncodings = 0;
			knownRegions = (
				en,
				Base,
			);
			mainGroup = B8185B1C1DEC5C09000AB72E;
			productRefGroup = B8185B261DEC5C09000AB72E /* Products */;
			projectDirPath = "";
			projectRoot = "";
			targets = (
				B8185B241DEC5C09000AB72E /* ijk */,
			);
		};
/* End PBXProject section */

/* Begin PBXResourcesBuildPhase section */
		B8185B231DEC5C09000AB72E /* Resources */ = {
			isa = PBXResourcesBuildPhase;
			buildActionMask = 2147483647;
			files = (
				B8185B3B1DEC5C09000AB72E /* LaunchScreen.storyboard in Resources */,
				B8185B381DEC5C09000AB72E /* Assets.xcassets in Resources */,
				B8185B331DEC5C09000AB72E /* Main.storyboard in Resources */,
			);
			runOnlyForDeploymentPostprocessing = 0;
		};
/* End PBXResourcesBuildPhase section */

/* Begin PBXSourcesBuildPhase section */
		B8185B211DEC5C09000AB72E /* Sources */ = {
			isa = PBXSourcesBuildPhase;
			buildActionMask = 2147483647;
			files = (
				B8185B301DEC5C09000AB72E /* ViewController.m in Sources */,
				B8185B2D1DEC5C09000AB72E /* AppDelegate.m in Sources */,
				B8185B361DEC5C09000AB72E /* ijk.xcdatamodeld in Sources */,
				B8185B2A1DEC5C09000AB72E /* main.m in Sources */,
			);
			runOnlyForDeploymentPostprocessing = 0;
		};
/* End PBXSourcesBuildPhase section */

/* Begin PBXVariantGroup section */
		B8185B311DEC5C09000AB72E /* Main.storyboard */ = {
			isa = PBXVariantGroup;
			children = (
				B8185B321DEC5C09000AB72E /* Base */,
			);
			name = Main.storyboard;
			sourceTree = "<group>";
		};
		B8185B391DEC5C09000AB72E /* LaunchScreen.storyboard */ = {
			isa = PBXVariantGroup;
			children = (
				B8185B3A1DEC5C09000AB72E /* Base */,
			);
			name = LaunchScreen.storyboard;
			sourceTree = "<group>";
		};
/* End PBXVariantGroup section */

/* Begin XCBuildConfiguration section */
		B8185B3D1DEC5C09000AB72E /* Debug */ = {
			isa = XCBuildConfiguration;
			buildSettings = {
				ALWAYS_SEARCH_USER_PATHS = NO;
				CLANG_ANALYZER_NONNULL = YES;
				CLANG_CXX_LANGUAGE_STANDARD = "gnu++0x";
				CLANG_CXX_LIBRARY = "libc++";
				CLANG_ENABLE_MODULES = YES;
				CLANG_ENABLE_OBJC_ARC = YES;
				CLANG_WARN_BOOL_CONVERSION = YES;
				CLANG_WARN_CONSTANT_CONVERSION = YES;
				CLANG_WARN_DIRECT_OBJC_ISA_USAGE = YES_ERROR;
				CLANG_WARN_EMPTY_BODY = YES;
				CLANG_WARN_ENUM_CONVERSION = YES;
				CLANG_WARN_INT_CONVERSION = YES;
				CLANG_WARN_OBJC_ROOT_CLASS = YES_ERROR;
				CLANG_WARN_UNREACHABLE_CODE = YES;
				CLANG_WARN__DUPLICATE_METHOD_MATCH = YES;
				"CODE_SIGN_IDENTITY[sdk=iphoneos*]" = "iPhone Developer";
				COPY_PHASE_STRIP = NO;
				DEBUG_INFORMATION_FORMAT = dwarf;
				ENABLE_STRICT_OBJC_MSGSEND = YES;
				ENABLE_TESTABILITY = YES;
				GCC_C_LANGUAGE_STANDARD = gnu99;
				GCC_DYNAMIC_NO_PIC = NO;
				GCC_NO_COMMON_BLOCKS = YES;
				GCC_OPTIMIZATION_LEVEL = 0;
				GCC_PREPROCESSOR_DEFINITIONS = (
					"DEBUG=1",
					"$(inherited)",
				);
				GCC_WARN_64_TO_32_BIT_CONVERSION = YES;
				GCC_WARN_ABOUT_RETURN_TYPE = YES_ERROR;
				GCC_WARN_UNDECLARED_SELECTOR = YES;
				GCC_WARN_UNINITIALIZED_AUTOS = YES_AGGRESSIVE;
				GCC_WARN_UNUSED_FUNCTION = YES;
				GCC_WARN_UNUSED_VARIABLE = YES;
				IPHONEOS_DEPLOYMENT_TARGET = 9.3;
				MTL_ENABLE_DEBUG_INFO = YES;
				ONLY_ACTIVE_ARCH = YES;
				SDKROOT = iphoneos;
				TARGETED_DEVICE_FAMILY = "1,2";
			};
			name = Debug;
		};
		B8185B3E1DEC5C09000AB72E /* Release */ = {
			isa = XCBuildConfiguration;
			buildSettings = {
				ALWAYS_SEARCH_USER_PATHS = NO;
				CLANG_ANALYZER_NONNULL = YES;
				CLANG_CXX_LANGUAGE_STANDARD = "gnu++0x";
				CLANG_CXX_LIBRARY = "libc++";
				CLANG_ENABLE_MODULES = YES;
				CLANG_ENABLE_OBJC_ARC = YES;
				CLANG_WARN_BOOL_CONVERSION = YES;
				CLANG_WARN_CONSTANT_CONVERSION = YES;
				CLANG_WARN_DIRECT_OBJC_ISA_USAGE = YES_ERROR;
				CLANG_WARN_EMPTY_BODY = YES;
				CLANG_WARN_ENUM_CONVERSION = YES;
				CLANG_WARN_INT_CONVERSION = YES;
				CLANG_WARN_OBJC_ROOT_CLASS = YES_ERROR;
				CLANG_WARN_UNREACHABLE_CODE = YES;
				CLANG_WARN__DUPLICATE_METHOD_MATCH = YES;
				"CODE_SIGN_IDENTITY[sdk=iphoneos*]" = "iPhone Developer";
				COPY_PHASE_STRIP = NO;
				DEBUG_INFORMATION_FORMAT = "dwarf-with-dsym";
				ENABLE_NS_ASSERTIONS = NO;
				ENABLE_STRICT_OBJC_MSGSEND = YES;
				GCC_C_LANGUAGE_STANDARD = gnu99;
				GCC_NO_COMMON_BLOCKS = YES;
				GCC_WARN_64_TO_32_BIT_CONVERSION = YES;
				GCC_WARN_ABOUT_RETURN_TYPE = YES_ERROR;
				GCC_WARN_UNDECLARED_SELECTOR = YES;
				GCC_WARN_UNINITIALIZED_AUTOS = YES_AGGRESSIVE;
				GCC_WARN_UNUSED_FUNCTION = YES;
				GCC_WARN_UNUSED_VARIABLE = YES;
				IPHONEOS_DEPLOYMENT_TARGET = 9.3;
				MTL_ENABLE_DEBUG_INFO = NO;
				SDKROOT = iphoneos;
				TARGETED_DEVICE_FAMILY = "1,2";
				VALIDATE_PRODUCT = YES;
			};
			name = Release;
		};
		B8185B401DEC5C09000AB72E /* Debug */ = {
			isa = XCBuildConfiguration;
			buildSettings = {
				ASSETCATALOG_COMPILER_APPICON_NAME = AppIcon;
				INFOPLIST_FILE = ijk/Info.plist;
				LD_RUNPATH_SEARCH_PATHS = "$(inherited) @executable_path/Frameworks";
				PRODUCT_BUNDLE_IDENTIFIER = com.sjgz.ijk;
				PRODUCT_NAME = "$(TARGET_NAME)";
			};
			name = Debug;
		};
		B8185B411DEC5C09000AB72E /* Release */ = {
			isa = XCBuildConfiguration;
			buildSettings = {
				ASSETCATALOG_COMPILER_APPICON_NAME = AppIcon;
				INFOPLIST_FILE = ijk/Info.plist;
				LD_RUNPATH_SEARCH_PATHS = "$(inherited) @executable_path/Frameworks";
				PRODUCT_BUNDLE_IDENTIFIER = com.sjgz.ijk;
				PRODUCT_NAME = "$(TARGET_NAME)";
			};
			name = Release;
		};
/* End XCBuildConfiguration section */

/* Begin XCConfigurationList section */
		B8185B201DEC5C09000AB72E /* Build configuration list for PBXProject "ijk" */ = {
			isa = XCConfigurationList;
			buildConfigurations = (
				B8185B3D1DEC5C09000AB72E /* Debug */,
				B8185B3E1DEC5C09000AB72E /* Release */,
			);
			defaultConfigurationIsVisible = 0;
			defaultConfigurationName = Release;
		};
		B8185B3F1DEC5C09000AB72E /* Build configuration list for PBXNativeTarget "ijk" */ = {
			isa = XCConfigurationList;
			buildConfigurations = (
				B8185B401DEC5C09000AB72E /* Debug */,
				B8185B411DEC5C09000AB72E /* Release */,
			);
			defaultConfigurationIsVisible = 0;
		};
/* End XCConfigurationList section */

/* Begin XCVersionGroup section */
		B8185B341DEC5C09000AB72E /* ijk.xcdatamodeld */ = {
			isa = XCVersionGroup;
			children = (
				B8185B351DEC5C09000AB72E /* ijk.xcdatamodel */,
			);
			currentVersion = B8185B351DEC5C09000AB72E /* ijk.xcdatamodel */;
			path = ijk.xcdatamodeld;
			sourceTree = "<group>";
			versionGroupType = wrapper.xcdatamodel;
		};
/* End XCVersionGroup section */
	};
	rootObject = B8185B1D1DEC5C09000AB72E /* Project object */;
}
